
Microsoft Visual Studio Solution File, Format Version 12.00
# Visual Studio Version 17
VisualStudioVersion = 17.7.34024.191
MinimumVisualStudioVersion = 10.0.40219.1
Project("{9A19103F-16F7-4668-BE54-9A1E7A4F7556}") = "Quadratic_Calculator", "Quadratic_Calculator.csproj", "{C4EB3115-D830-4090-A932-8625246B82DB}"
EndProject
Global
	GlobalSection(SolutionConfigurationPlatforms) = preSolution
		Debug|Any CPU = Debug|Any CPU
		Release|Any CPU = Release|Any CPU
	EndGlobalSection
	GlobalSection(ProjectConfigurationPlatforms) = postSolution
		{C4EB3115-D830-4090-A932-8625246B82DB}.Debug|Any CPU.ActiveCfg = Debug|Any CPU
		{C4EB3115-D830-4090-A932-8625246B82DB}.Debug|Any CPU.Build.0 = Debug|Any CPU
		{C4EB3115-D830-4090-A932-8625246B82DB}.Release|Any CPU.ActiveCfg = Release|Any CPU
		{C4EB3115-D830-4090-A932-8625246B82DB}.Release|Any CPU.Build.0 = Release|Any CPU
	EndGlobalSection
	GlobalSection(SolutionProperties) = preSolution
		HideSolutionNode = FALSE
	EndGlobalSection
	GlobalSection(ExtensibilityGlobals) = postSolution
		SolutionGuid = {CF0F078C-9B26-4021-AA61-41FF075E05D8}
	EndGlobalSection
EndGlobal
